
Microsoft Visual Studio Solution File, Format Version 12.00
# Visual Studio Version 17
VisualStudioVersion = 17.10.35004.147
MinimumVisualStudioVersion = 10.0.40219.1
Project("{FAE04EC0-301F-11D3-BF4B-00C04F79EFBC}") = "SubModule", "SubModule.csproj", "{9E0F73BB-A48E-4A0E-9FA6-50B58FE55ED4}"
EndProject
Global
	GlobalSection(SolutionConfigurationPlatforms) = preSolution
		Debug|Any CPU = Debug|Any CPU
		Release|Any CPU = Release|Any CPU
	EndGlobalSection
	GlobalSection(ProjectConfigurationPlatforms) = postSolution
		{9E0F73BB-A48E-4A0E-9FA6-50B58FE55ED4}.Debug|Any CPU.ActiveCfg = Debug|Any CPU
		{9E0F73BB-A48E-4A0E-9FA6-50B58FE55ED4}.Debug|Any CPU.Build.0 = Debug|Any CPU
		{9E0F73BB-A48E-4A0E-9FA6-50B58FE55ED4}.Release|Any CPU.ActiveCfg = Release|Any CPU
		{9E0F73BB-A48E-4A0E-9FA6-50B58FE55ED4}.Release|Any CPU.Build.0 = Release|Any CPU
	EndGlobalSection
	GlobalSection(SolutionProperties) = preSolution
		HideSolutionNode = FALSE
	EndGlobalSection
	GlobalSection(ExtensibilityGlobals) = postSolution
		SolutionGuid = {24595C51-A808-458F-A53E-EC3E8B966D1F}
	EndGlobalSection
EndGlobal
